
Microsoft Visual Studio Solution File, Format Version 12.00
# Visual Studio 15
VisualStudioVersion = 15.0.27130.2027
MinimumVisualStudioVersion = 10.0.40219.1
Project("{FAE04EC0-301F-11D3-BF4B-00C04F79EFBC}") = "Silverstone", "Silverstone\Silverstone.csproj", "{11223503-6D73-4103-9825-891344FA1CFA}"
EndProject
Global
	GlobalSection(SolutionConfigurationPlatforms) = preSolution
		Debug|Any CPU = Debug|Any CPU
		Release|Any CPU = Release|Any CPU
	EndGlobalSection
	GlobalSection(ProjectConfigurationPlatforms) = postSolution
		{11223503-6D73-4103-9825-891344FA1CFA}.Debug|Any CPU.ActiveCfg = Debug|Any CPU
		{11223503-6D73-4103-9825-891344FA1CFA}.Debug|Any CPU.Build.0 = Debug|Any CPU
		{11223503-6D73-4103-9825-891344FA1CFA}.Release|Any CPU.ActiveCfg = Release|Any CPU
		{11223503-6D73-4103-9825-891344FA1CFA}.Release|Any CPU.Build.0 = Release|Any CPU
	EndGlobalSection
	GlobalSection(SolutionProperties) = preSolution
		HideSolutionNode = FALSE
	EndGlobalSection
	GlobalSection(ExtensibilityGlobals) = postSolution
		SolutionGuid = {4CD77BA3-1C7A-4169-BFF7-FE055964156F}
	EndGlobalSection
EndGlobal
